
Microsoft Visual Studio Solution File, Format Version 12.00
# Visual Studio Version 16
VisualStudioVersion = 25.0.1706.11
MinimumVisualStudioVersion = 10.0.40219.1
Project("{FAE04EC0-301F-11D3-BF4B-00C04F79EFBC}") = "SlideToAction", "SlideToAction\SlideToAction.csproj", "{01416FFB-4E3A-44D7-9728-B43478E16D79}"
EndProject
Global
	GlobalSection(SolutionConfigurationPlatforms) = preSolution
		Debug|Any CPU = Debug|Any CPU
		Release|Any CPU = Release|Any CPU
	EndGlobalSection
	GlobalSection(ProjectConfigurationPlatforms) = postSolution
		{01416FFB-4E3A-44D7-9728-B43478E16D79}.Debug|Any CPU.ActiveCfg = Debug|Any CPU
		{01416FFB-4E3A-44D7-9728-B43478E16D79}.Debug|Any CPU.Build.0 = Debug|Any CPU
		{01416FFB-4E3A-44D7-9728-B43478E16D79}.Release|Any CPU.ActiveCfg = Release|Any CPU
		{01416FFB-4E3A-44D7-9728-B43478E16D79}.Release|Any CPU.Build.0 = Release|Any CPU
	EndGlobalSection
	GlobalSection(SolutionProperties) = preSolution
		HideSolutionNode = FALSE
	EndGlobalSection
	GlobalSection(ExtensibilityGlobals) = postSolution
		SolutionGuid = {534B8C9A-FB28-4D45-ABA5-D00B922811FE}
	EndGlobalSection
EndGlobal
